// !$*UTF8*$!
{
	archiveVersion = 1;
	classes = {
	};
	objectVersion = 52;
	objects = {

/* Begin PBXBuildFile section */
		B524107B24E3730C00E6FDED /* GradientView.swift in Sources */ = {isa = PBXBuildFile; fileRef = B524107A24E3730C00E6FDED /* GradientView.swift */; };
		B527D2A724CD0940001731DB /* StoreKit.framework in Frameworks */ = {isa = PBXBuildFile; fileRef = B527D2A624CD0940001731DB /* StoreKit.framework */; };
		B527D2AA24CD0995001731DB /* IAPManager.swift in Sources */ = {isa = PBXBuildFile; fileRef = B527D2A924CD0995001731DB /* IAPManager.swift */; };
		B527D2AC24CE662D001731DB /* IAPUtilities.swift in Sources */ = {isa = PBXBuildFile; fileRef = B527D2AB24CE662D001731DB /* IAPUtilities.swift */; };
		B527D2AE24CFAA4D001731DB /* IAPTests.swift in Sources */ = {isa = PBXBuildFile; fileRef = B527D2AD24CFAA4D001731DB /* IAPTests.swift */; };
		B527D2B124D2498D001731DB /* StoreManager.swift in Sources */ = {isa = PBXBuildFile; fileRef = B527D2B024D2498D001731DB /* StoreManager.swift */; };
		B527D2B324D3A703001731DB /* UnlockButtons.swift in Sources */ = {isa = PBXBuildFile; fileRef = B527D2B224D3A703001731DB /* UnlockButtons.swift */; };
		B531AAF2247F346500F3C355 /* AppleSourceDetailView.swift in Sources */ = {isa = PBXBuildFile; fileRef = B531AAF1247F346500F3C355 /* AppleSourceDetailView.swift */; };
		B531AAF4247F347A00F3C355 /* AppleSourceViewModel.swift in Sources */ = {isa = PBXBuildFile; fileRef = B531AAF3247F347A00F3C355 /* AppleSourceViewModel.swift */; };
		B531AAF624809B0400F3C355 /* .swiftlint.yml in Resources */ = {isa = PBXBuildFile; fileRef = B531AAF524809B0400F3C355 /* .swiftlint.yml */; };
		B531AAF92481BBEF00F3C355 /* ActivateButton.swift in Sources */ = {isa = PBXBuildFile; fileRef = B531AAF82481BBEF00F3C355 /* ActivateButton.swift */; };
		B533EC3224A03B53001A103D /* Sentry in Frameworks */ = {isa = PBXBuildFile; productRef = B533EC3124A03B53001A103D /* Sentry */; };
		B5421E5A247DE5C700F02345 /* ApplePhotoProviderTests.swift in Sources */ = {isa = PBXBuildFile; fileRef = B5421E59247DE5C700F02345 /* ApplePhotoProviderTests.swift */; };
		B5641E4A24B1101D00AC95E3 /* VideoPlayerView.swift in Sources */ = {isa = PBXBuildFile; fileRef = B5641E4924B1101D00AC95E3 /* VideoPlayerView.swift */; };
		B5641E4D24B110D300AC95E3 /* help3c.mp4 in Resources */ = {isa = PBXBuildFile; fileRef = B5641E4B24B110D300AC95E3 /* help3c.mp4 */; };
		B5641E4E24B110D300AC95E3 /* help1c.mp4 in Resources */ = {isa = PBXBuildFile; fileRef = B5641E4C24B110D300AC95E3 /* help1c.mp4 */; };
		B5A5A8C4245210CF003B282D /* OAuthSwiftAlamofire in Frameworks */ = {isa = PBXBuildFile; productRef = B5A5A8C3245210CF003B282D /* OAuthSwiftAlamofire */; };
		B5E6402124E0E0A500E34504 /* fastlane in Resources */ = {isa = PBXBuildFile; fileRef = B5E6402024E0E0A500E34504 /* fastlane */; };
		B5F269D02485D42D000A5C53 /* HelpWindowController.swift in Sources */ = {isa = PBXBuildFile; fileRef = B5F269CF2485D42D000A5C53 /* HelpWindowController.swift */; };
		B5F269D22485D454000A5C53 /* HelpView.swift in Sources */ = {isa = PBXBuildFile; fileRef = B5F269D12485D454000A5C53 /* HelpView.swift */; };
		FF14AD8C22BDB8B800C7518C /* PhotoFrameController.swift in Sources */ = {isa = PBXBuildFile; fileRef = FF14AD8A22BDB8B800C7518C /* PhotoFrameController.swift */; };
		FF14AD8D22BDB8B800C7518C /* PhotoFrameController.xib in Resources */ = {isa = PBXBuildFile; fileRef = FF14AD8B22BDB8B800C7518C /* PhotoFrameController.xib */; };
		FF279CF0244CD77F004E47C3 /* LocalFolderProviderTests.swift in Sources */ = {isa = PBXBuildFile; fileRef = FF279CEF244CD77F004E47C3 /* LocalFolderProviderTests.swift */; };
		FF32154123200EC60054DF2A /* Alamofire in Frameworks */ = {isa = PBXBuildFile; productRef = FF32154023200EC60054DF2A /* Alamofire */; };
		FF34717F22D63A780009CB40 /* SwiftyBeaver in Frameworks */ = {isa = PBXBuildFile; productRef = FF34717E22D63A780009CB40 /* SwiftyBeaver */; };
		FF34718422DF82F70009CB40 /* Utilities.swift in Sources */ = {isa = PBXBuildFile; fileRef = FF34718322DF82F70009CB40 /* Utilities.swift */; };
		FF39C02D2316F66E00203D7F /* GooglePhotoProvider.swift in Sources */ = {isa = PBXBuildFile; fileRef = FF39C02C2316F66E00203D7F /* GooglePhotoProvider.swift */; };
		FF39C03223171CF100203D7F /* KeychainAccess in Frameworks */ = {isa = PBXBuildFile; productRef = FF39C03123171CF100203D7F /* KeychainAccess */; };
		FF3E18FD23CA6D3200E5002B /* AboutView.swift in Sources */ = {isa = PBXBuildFile; fileRef = FF3E18FC23CA6D3200E5002B /* AboutView.swift */; };
		FF9072D222BB04CD0052428E /* AppDelegate.swift in Sources */ = {isa = PBXBuildFile; fileRef = FF9072D122BB04CD0052428E /* AppDelegate.swift */; };
		FF9072D522BB04CD0052428E /* maya_macos.xcdatamodeld in Sources */ = {isa = PBXBuildFile; fileRef = FF9072D322BB04CD0052428E /* maya_macos.xcdatamodeld */; };
		FF9072D722BB04CE0052428E /* Assets.xcassets in Resources */ = {isa = PBXBuildFile; fileRef = FF9072D622BB04CE0052428E /* Assets.xcassets */; };
		FF9072DA22BB04CE0052428E /* MainMenu.xib in Resources */ = {isa = PBXBuildFile; fileRef = FF9072D822BB04CE0052428E /* MainMenu.xib */; };
		FF9072F122BBD9230052428E /* Todo.txt in Resources */ = {isa = PBXBuildFile; fileRef = FF9072F022BBD9230052428E /* Todo.txt */; };
		FF90731E22BBFF4D0052428E /* StatusMenuController.swift in Sources */ = {isa = PBXBuildFile; fileRef = FF90731D22BBFF4D0052428E /* StatusMenuController.swift */; };
		FF90732022BC12670052428E /* PhotoVendor.swift in Sources */ = {isa = PBXBuildFile; fileRef = FF90731F22BC12670052428E /* PhotoVendor.swift */; };
		FF90732222BC12E10052428E /* ApplePhotoProvider.swift in Sources */ = {isa = PBXBuildFile; fileRef = FF90732122BC12E10052428E /* ApplePhotoProvider.swift */; };
		FF90732422BC13840052428E /* PhotoProviderTests.swift in Sources */ = {isa = PBXBuildFile; fileRef = FF90732322BC13840052428E /* PhotoProviderTests.swift */; };
		FF90732622BD493B0052428E /* LocalFolderPhotoProvider.swift in Sources */ = {isa = PBXBuildFile; fileRef = FF90732522BD493B0052428E /* LocalFolderPhotoProvider.swift */; };
		FF9B7CFA23175F0B0073E77E /* OAuthSwift in Frameworks */ = {isa = PBXBuildFile; productRef = FF9B7CF923175F0B0073E77E /* OAuthSwift */; };
		FF9B7CFE231760AA0073E77E /* AppSecrets.swift in Sources */ = {isa = PBXBuildFile; fileRef = FF9B7CFD231760AA0073E77E /* AppSecrets.swift */; };
		FF9B7D0223181AF00073E77E /* Keychain.swift in Sources */ = {isa = PBXBuildFile; fileRef = FF9B7D0123181AF00073E77E /* Keychain.swift */; };
		FF9B7D0423182D5F0073E77E /* GoogePhotoProviderTests.swift in Sources */ = {isa = PBXBuildFile; fileRef = FF9B7D0323182D5F0073E77E /* GoogePhotoProviderTests.swift */; };
		FF9B7D09231859F90073E77E /* GooglePhotosAPI.swift in Sources */ = {isa = PBXBuildFile; fileRef = FF9B7D08231859F90073E77E /* GooglePhotosAPI.swift */; };
		FF9B7D0F2318BE700073E77E /* GooglePhotoAsset.swift in Sources */ = {isa = PBXBuildFile; fileRef = FF9B7D0E2318BE700073E77E /* GooglePhotoAsset.swift */; };
		FFAAE72824211E6900DD3B3C /* GoogleSourceDetailView.swift in Sources */ = {isa = PBXBuildFile; fileRef = FFAAE72724211E6900DD3B3C /* GoogleSourceDetailView.swift */; };
		FFAAE72A24211E8100DD3B3C /* GoogleSourceViewModel.swift in Sources */ = {isa = PBXBuildFile; fileRef = FFAAE72924211E8100DD3B3C /* GoogleSourceViewModel.swift */; };
		FFAF7AF423CF667400763CC1 /* EnumCodable.swift in Sources */ = {isa = PBXBuildFile; fileRef = FFAF7AF323CF667400763CC1 /* EnumCodable.swift */; };
		FFB1234423D246700068A9A6 /* LocalFolderSourceViewModel.swift in Sources */ = {isa = PBXBuildFile; fileRef = FFB1234323D246700068A9A6 /* LocalFolderSourceViewModel.swift */; };
		FFB1234623D3A6CD0068A9A6 /* PhotoFrameView.swift in Sources */ = {isa = PBXBuildFile; fileRef = FFB1234523D3A6CD0068A9A6 /* PhotoFrameView.swift */; };
		FFC22B5922F2378300121828 /* AppDelegate.swift in Sources */ = {isa = PBXBuildFile; fileRef = FFC22B5822F2378300121828 /* AppDelegate.swift */; };
		FFC22B5B22F2378400121828 /* Assets.xcassets in Resources */ = {isa = PBXBuildFile; fileRef = FFC22B5A22F2378400121828 /* Assets.xcassets */; };
		FFC22B6522F2387600121828 /* Maya Launcher.app in CopyFiles */ = {isa = PBXBuildFile; fileRef = FFC22B5622F2378300121828 /* Maya Launcher.app */; settings = {ATTRIBUTES = (RemoveHeadersOnCopy, ); }; };
		FFC22B6822F2389200121828 /* ServiceManagement.framework in Frameworks */ = {isa = PBXBuildFile; fileRef = FFC22B6722F2389200121828 /* ServiceManagement.framework */; };
		FFC22B6B22F2427A00121828 /* MainMenu.xib in Resources */ = {isa = PBXBuildFile; fileRef = FFC22B6922F2427A00121828 /* MainMenu.xib */; };
		FFD3698322F385AA00EC7A85 /* PhotoProvider.swift in Sources */ = {isa = PBXBuildFile; fileRef = FFD3698222F385AA00EC7A85 /* PhotoProvider.swift */; };
		FFD4C35B23CC0E8A007D1A27 /* PreferencesView.swift in Sources */ = {isa = PBXBuildFile; fileRef = FFD4C35A23CC0E8A007D1A27 /* PreferencesView.swift */; };
		FFD4C35D23CC11B2007D1A27 /* GeneralPrefsView.swift in Sources */ = {isa = PBXBuildFile; fileRef = FFD4C35C23CC11B2007D1A27 /* GeneralPrefsView.swift */; };
		FFD4C35F23CCF203007D1A27 /* PrefsWindowController.swift in Sources */ = {isa = PBXBuildFile; fileRef = FFD4C35E23CCF203007D1A27 /* PrefsWindowController.swift */; };
		FFD63774238B0513003A4071 /* PhotoScrollView.swift in Sources */ = {isa = PBXBuildFile; fileRef = FFD63773238B0513003A4071 /* PhotoScrollView.swift */; };
		FFDD944B23057E2300891545 /* AboutWindowController.swift in Sources */ = {isa = PBXBuildFile; fileRef = FFDD944923057E2300891545 /* AboutWindowController.swift */; };
		FFDED62023CF784B00C678EB /* GeneralPrefsViewModel.swift in Sources */ = {isa = PBXBuildFile; fileRef = FFDED61F23CF784B00C678EB /* GeneralPrefsViewModel.swift */; };
		FFDED62223CF9C1D00C678EB /* SourcesView.swift in Sources */ = {isa = PBXBuildFile; fileRef = FFDED62123CF9C1D00C678EB /* SourcesView.swift */; };
		FFDED62423CF9E4E00C678EB /* LocalFolderSourceDetailView.swift in Sources */ = {isa = PBXBuildFile; fileRef = FFDED62323CF9E4E00C678EB /* LocalFolderSourceDetailView.swift */; };
		FFE9162422E0F5C400687322 /* SettingsController.xib in Resources */ = {isa = PBXBuildFile; fileRef = FFE9162222E0F5C400687322 /* SettingsController.xib */; };
		FFEBBE8022EF5CC7009411B8 /* Settings.swift in Sources */ = {isa = PBXBuildFile; fileRef = FFEBBE7F22EF5CC7009411B8 /* Settings.swift */; };
		FFEBBE8422EF834F009411B8 /* TimePeriod.swift in Sources */ = {isa = PBXBuildFile; fileRef = FFEBBE8322EF834F009411B8 /* TimePeriod.swift */; };
		FFEEFCB82300F0750023F581 /* SourcesViewController.xib in Resources */ = {isa = PBXBuildFile; fileRef = FFEEFCB62300F0750023F581 /* SourcesViewController.xib */; };
/* End PBXBuildFile section */

/* Begin PBXContainerItemProxy section */
		FF9072E222BB04CE0052428E /* PBXContainerItemProxy */ = {
			isa = PBXContainerItemProxy;
			containerPortal = FF9072C622BB04CD0052428E /* Project object */;
			proxyType = 1;
			remoteGlobalIDString = FF9072CD22BB04CD0052428E;
			remoteInfo = "maya-macos";
		};
/* End PBXContainerItemProxy section */

/* Begin PBXCopyFilesBuildPhase section */
		FFC22B6422F2382100121828 /* CopyFiles */ = {
			isa = PBXCopyFilesBuildPhase;
			buildActionMask = 2147483647;
			dstPath = Contents/Library/LoginItems;
			dstSubfolderSpec = 1;
			files = (
				FFC22B6522F2387600121828 /* Maya Launcher.app in CopyFiles */,
			);
			runOnlyForDeploymentPostprocessing = 0;
		};
/* End PBXCopyFilesBuildPhase section */

/* Begin PBXFileReference section */
		B524107A24E3730C00E6FDED /* GradientView.swift */ = {isa = PBXFileReference; lastKnownFileType = sourcecode.swift; path = GradientView.swift; sourceTree = "<group>"; };
		B527D2A624CD0940001731DB /* StoreKit.framework */ = {isa = PBXFileReference; lastKnownFileType = wrapper.framework; name = StoreKit.framework; path = System/Library/Frameworks/StoreKit.framework; sourceTree = SDKROOT; };
		B527D2A924CD0995001731DB /* IAPManager.swift */ = {isa = PBXFileReference; lastKnownFileType = sourcecode.swift; path = IAPManager.swift; sourceTree = "<group>"; };
		B527D2AB24CE662D001731DB /* IAPUtilities.swift */ = {isa = PBXFileReference; lastKnownFileType = sourcecode.swift; path = IAPUtilities.swift; sourceTree = "<group>"; };
		B527D2AD24CFAA4D001731DB /* IAPTests.swift */ = {isa = PBXFileReference; lastKnownFileType = sourcecode.swift; path = IAPTests.swift; sourceTree = "<group>"; };
		B527D2AF24D0FFF6001731DB /* Maya.playground */ = {isa = PBXFileReference; lastKnownFileType = file.playground; path = Maya.playground; sourceTree = "<group>"; xcLanguageSpecificationIdentifier = xcode.lang.swift; };
		B527D2B024D2498D001731DB /* StoreManager.swift */ = {isa = PBXFileReference; lastKnownFileType = sourcecode.swift; path = StoreManager.swift; sourceTree = "<group>"; };
		B527D2B224D3A703001731DB /* UnlockButtons.swift */ = {isa = PBXFileReference; fileEncoding = 4; lastKnownFileType = sourcecode.swift; path = UnlockButtons.swift; sourceTree = "<group>"; };
		B531AAF1247F346500F3C355 /* AppleSourceDetailView.swift */ = {isa = PBXFileReference; fileEncoding = 4; lastKnownFileType = sourcecode.swift; path = AppleSourceDetailView.swift; sourceTree = "<group>"; };
		B531AAF3247F347A00F3C355 /* AppleSourceViewModel.swift */ = {isa = PBXFileReference; fileEncoding = 4; lastKnownFileType = sourcecode.swift; path = AppleSourceViewModel.swift; sourceTree = "<group>"; };
		B531AAF524809B0400F3C355 /* .swiftlint.yml */ = {isa = PBXFileReference; lastKnownFileType = text.yaml; path = .swiftlint.yml; sourceTree = "<group>"; };
		B531AAF82481BBEF00F3C355 /* ActivateButton.swift */ = {isa = PBXFileReference; lastKnownFileType = sourcecode.swift; path = ActivateButton.swift; sourceTree = "<group>"; };
		B5421E59247DE5C700F02345 /* ApplePhotoProviderTests.swift */ = {isa = PBXFileReference; lastKnownFileType = sourcecode.swift; path = ApplePhotoProviderTests.swift; sourceTree = "<group>"; };
		B5641E4924B1101D00AC95E3 /* VideoPlayerView.swift */ = {isa = PBXFileReference; lastKnownFileType = sourcecode.swift; path = VideoPlayerView.swift; sourceTree = "<group>"; };
		B5641E4B24B110D300AC95E3 /* help3c.mp4 */ = {isa = PBXFileReference; lastKnownFileType = file; path = help3c.mp4; sourceTree = "<group>"; };
		B5641E4C24B110D300AC95E3 /* help1c.mp4 */ = {isa = PBXFileReference; lastKnownFileType = file; path = help1c.mp4; sourceTree = "<group>"; };
		B5E6402024E0E0A500E34504 /* fastlane */ = {isa = PBXFileReference; lastKnownFileType = folder; path = fastlane; sourceTree = "<group>"; };
		B5F269CF2485D42D000A5C53 /* HelpWindowController.swift */ = {isa = PBXFileReference; fileEncoding = 4; lastKnownFileType = sourcecode.swift; path = HelpWindowController.swift; sourceTree = "<group>"; };
		B5F269D12485D454000A5C53 /* HelpView.swift */ = {isa = PBXFileReference; lastKnownFileType = sourcecode.swift; path = HelpView.swift; sourceTree = "<group>"; };
		FF14AD8A22BDB8B800C7518C /* PhotoFrameController.swift */ = {isa = PBXFileReference; lastKnownFileType = sourcecode.swift; path = PhotoFrameController.swift; sourceTree = "<group>"; };
		FF14AD8B22BDB8B800C7518C /* PhotoFrameController.xib */ = {isa = PBXFileReference; lastKnownFileType = file.xib; path = PhotoFrameController.xib; sourceTree = "<group>"; };
		FF279CEF244CD77F004E47C3 /* LocalFolderProviderTests.swift */ = {isa = PBXFileReference; lastKnownFileType = sourcecode.swift; path = LocalFolderProviderTests.swift; sourceTree = "<group>"; };
		FF34718322DF82F70009CB40 /* Utilities.swift */ = {isa = PBXFileReference; lastKnownFileType = sourcecode.swift; path = Utilities.swift; sourceTree = "<group>"; };
		FF39C02C2316F66E00203D7F /* GooglePhotoProvider.swift */ = {isa = PBXFileReference; lastKnownFileType = sourcecode.swift; path = GooglePhotoProvider.swift; sourceTree = "<group>"; };
		FF3E18FC23CA6D3200E5002B /* AboutView.swift */ = {isa = PBXFileReference; lastKnownFileType = sourcecode.swift; path = AboutView.swift; sourceTree = "<group>"; };
		FF9072CE22BB04CD0052428E /* Maya.app */ = {isa = PBXFileReference; explicitFileType = wrapper.application; includeInIndex = 0; path = Maya.app; sourceTree = BUILT_PRODUCTS_DIR; };
		FF9072D122BB04CD0052428E /* AppDelegate.swift */ = {isa = PBXFileReference; lastKnownFileType = sourcecode.swift; path = AppDelegate.swift; sourceTree = "<group>"; };
		FF9072D422BB04CD0052428E /* maya_macos.xcdatamodel */ = {isa = PBXFileReference; lastKnownFileType = wrapper.xcdatamodel; path = maya_macos.xcdatamodel; sourceTree = "<group>"; };
		FF9072D622BB04CE0052428E /* Assets.xcassets */ = {isa = PBXFileReference; lastKnownFileType = folder.assetcatalog; path = Assets.xcassets; sourceTree = "<group>"; };
		FF9072D922BB04CE0052428E /* Base */ = {isa = PBXFileReference; lastKnownFileType = file.xib; name = Base; path = Base.lproj/MainMenu.xib; sourceTree = "<group>"; };
		FF9072DB22BB04CE0052428E /* Info.plist */ = {isa = PBXFileReference; lastKnownFileType = text.plist.xml; path = Info.plist; sourceTree = "<group>"; };
		FF9072DC22BB04CE0052428E /* maya_macos.entitlements */ = {isa = PBXFileReference; lastKnownFileType = text.plist.entitlements; path = maya_macos.entitlements; sourceTree = "<group>"; };
		FF9072E122BB04CE0052428E /* maya-macosTests.xctest */ = {isa = PBXFileReference; explicitFileType = wrapper.cfbundle; includeInIndex = 0; path = "maya-macosTests.xctest"; sourceTree = BUILT_PRODUCTS_DIR; };
		FF9072E722BB04CE0052428E /* Info.plist */ = {isa = PBXFileReference; lastKnownFileType = text.plist.xml; path = Info.plist; sourceTree = "<group>"; };
		FF9072F022BBD9230052428E /* Todo.txt */ = {isa = PBXFileReference; lastKnownFileType = text; path = Todo.txt; sourceTree = "<group>"; };
		FF90731D22BBFF4D0052428E /* StatusMenuController.swift */ = {isa = PBXFileReference; lastKnownFileType = sourcecode.swift; path = StatusMenuController.swift; sourceTree = "<group>"; };
		FF90731F22BC12670052428E /* PhotoVendor.swift */ = {isa = PBXFileReference; lastKnownFileType = sourcecode.swift; path = PhotoVendor.swift; sourceTree = "<group>"; };
		FF90732122BC12E10052428E /* ApplePhotoProvider.swift */ = {isa = PBXFileReference; lastKnownFileType = sourcecode.swift; path = ApplePhotoProvider.swift; sourceTree = "<group>"; };
		FF90732322BC13840052428E /* PhotoProviderTests.swift */ = {isa = PBXFileReference; lastKnownFileType = sourcecode.swift; path = PhotoProviderTests.swift; sourceTree = "<group>"; };
		FF90732522BD493B0052428E /* LocalFolderPhotoProvider.swift */ = {isa = PBXFileReference; lastKnownFileType = sourcecode.swift; path = LocalFolderPhotoProvider.swift; sourceTree = "<group>"; };
		FF9B7CFB2317603A0073E77E /* AppSecrets.example.swift */ = {isa = PBXFileReference; lastKnownFileType = sourcecode.swift; path = AppSecrets.example.swift; sourceTree = "<group>"; };
		FF9B7CFD231760AA0073E77E /* AppSecrets.swift */ = {isa = PBXFileReference; lastKnownFileType = sourcecode.swift; path = AppSecrets.swift; sourceTree = "<group>"; };
		FF9B7D0123181AF00073E77E /* Keychain.swift */ = {isa = PBXFileReference; lastKnownFileType = sourcecode.swift; path = Keychain.swift; sourceTree = "<group>"; };
		FF9B7D0323182D5F0073E77E /* GoogePhotoProviderTests.swift */ = {isa = PBXFileReference; lastKnownFileType = sourcecode.swift; path = GoogePhotoProviderTests.swift; sourceTree = "<group>"; };
		FF9B7D08231859F90073E77E /* GooglePhotosAPI.swift */ = {isa = PBXFileReference; lastKnownFileType = sourcecode.swift; path = GooglePhotosAPI.swift; sourceTree = "<group>"; };
		FF9B7D0D231874880073E77E /* TestPlan.xctestplan */ = {isa = PBXFileReference; lastKnownFileType = text; path = TestPlan.xctestplan; sourceTree = "<group>"; };
		FF9B7D0E2318BE700073E77E /* GooglePhotoAsset.swift */ = {isa = PBXFileReference; lastKnownFileType = sourcecode.swift; path = GooglePhotoAsset.swift; sourceTree = "<group>"; };
		FFAAE72724211E6900DD3B3C /* GoogleSourceDetailView.swift */ = {isa = PBXFileReference; lastKnownFileType = sourcecode.swift; path = GoogleSourceDetailView.swift; sourceTree = "<group>"; };
		FFAAE72924211E8100DD3B3C /* GoogleSourceViewModel.swift */ = {isa = PBXFileReference; lastKnownFileType = sourcecode.swift; path = GoogleSourceViewModel.swift; sourceTree = "<group>"; };
		FFAF7AF323CF667400763CC1 /* EnumCodable.swift */ = {isa = PBXFileReference; lastKnownFileType = sourcecode.swift; path = EnumCodable.swift; sourceTree = "<group>"; };
		FFB1234323D246700068A9A6 /* LocalFolderSourceViewModel.swift */ = {isa = PBXFileReference; lastKnownFileType = sourcecode.swift; path = LocalFolderSourceViewModel.swift; sourceTree = "<group>"; };
		FFB1234523D3A6CD0068A9A6 /* PhotoFrameView.swift */ = {isa = PBXFileReference; lastKnownFileType = sourcecode.swift; path = PhotoFrameView.swift; sourceTree = "<group>"; };
		FFC22B5622F2378300121828 /* Maya Launcher.app */ = {isa = PBXFileReference; explicitFileType = wrapper.application; includeInIndex = 0; path = "Maya Launcher.app"; sourceTree = BUILT_PRODUCTS_DIR; };
		FFC22B5822F2378300121828 /* AppDelegate.swift */ = {isa = PBXFileReference; lastKnownFileType = sourcecode.swift; path = AppDelegate.swift; sourceTree = "<group>"; };
		FFC22B5A22F2378400121828 /* Assets.xcassets */ = {isa = PBXFileReference; lastKnownFileType = folder.assetcatalog; path = Assets.xcassets; sourceTree = "<group>"; };
		FFC22B5F22F2378400121828 /* Info.plist */ = {isa = PBXFileReference; lastKnownFileType = text.plist.xml; path = Info.plist; sourceTree = "<group>"; };
		FFC22B6022F2378400121828 /* maya_macos_launcher.entitlements */ = {isa = PBXFileReference; lastKnownFileType = text.plist.entitlements; path = maya_macos_launcher.entitlements; sourceTree = "<group>"; };
		FFC22B6722F2389200121828 /* ServiceManagement.framework */ = {isa = PBXFileReference; lastKnownFileType = wrapper.framework; name = ServiceManagement.framework; path = System/Library/Frameworks/ServiceManagement.framework; sourceTree = SDKROOT; };
		FFC22B6A22F2427A00121828 /* Base */ = {isa = PBXFileReference; lastKnownFileType = file.xib; name = Base; path = Base.lproj/MainMenu.xib; sourceTree = "<group>"; };
		FFD3698222F385AA00EC7A85 /* PhotoProvider.swift */ = {isa = PBXFileReference; lastKnownFileType = sourcecode.swift; path = PhotoProvider.swift; sourceTree = "<group>"; };
		FFD4C35A23CC0E8A007D1A27 /* PreferencesView.swift */ = {isa = PBXFileReference; lastKnownFileType = sourcecode.swift; path = PreferencesView.swift; sourceTree = "<group>"; };
		FFD4C35C23CC11B2007D1A27 /* GeneralPrefsView.swift */ = {isa = PBXFileReference; lastKnownFileType = sourcecode.swift; path = GeneralPrefsView.swift; sourceTree = "<group>"; };
		FFD4C35E23CCF203007D1A27 /* PrefsWindowController.swift */ = {isa = PBXFileReference; lastKnownFileType = sourcecode.swift; path = PrefsWindowController.swift; sourceTree = "<group>"; };
		FFD63773238B0513003A4071 /* PhotoScrollView.swift */ = {isa = PBXFileReference; lastKnownFileType = sourcecode.swift; path = PhotoScrollView.swift; sourceTree = "<group>"; };
		FFDD944923057E2300891545 /* AboutWindowController.swift */ = {isa = PBXFileReference; lastKnownFileType = sourcecode.swift; path = AboutWindowController.swift; sourceTree = "<group>"; };
		FFDED61F23CF784B00C678EB /* GeneralPrefsViewModel.swift */ = {isa = PBXFileReference; lastKnownFileType = sourcecode.swift; path = GeneralPrefsViewModel.swift; sourceTree = "<group>"; };
		FFDED62123CF9C1D00C678EB /* SourcesView.swift */ = {isa = PBXFileReference; lastKnownFileType = sourcecode.swift; path = SourcesView.swift; sourceTree = "<group>"; };
		FFDED62323CF9E4E00C678EB /* LocalFolderSourceDetailView.swift */ = {isa = PBXFileReference; lastKnownFileType = sourcecode.swift; path = LocalFolderSourceDetailView.swift; sourceTree = "<group>"; };
		FFE9162222E0F5C400687322 /* SettingsController.xib */ = {isa = PBXFileReference; lastKnownFileType = file.xib; path = SettingsController.xib; sourceTree = "<group>"; };
		FFEBBE7F22EF5CC7009411B8 /* Settings.swift */ = {isa = PBXFileReference; lastKnownFileType = sourcecode.swift; path = Settings.swift; sourceTree = "<group>"; };
		FFEBBE8322EF834F009411B8 /* TimePeriod.swift */ = {isa = PBXFileReference; lastKnownFileType = sourcecode.swift; path = TimePeriod.swift; sourceTree = "<group>"; };
		FFEEFCB62300F0750023F581 /* SourcesViewController.xib */ = {isa = PBXFileReference; lastKnownFileType = file.xib; path = SourcesViewController.xib; sourceTree = "<group>"; };
/* End PBXFileReference section */

/* Begin PBXFrameworksBuildPhase section */
		FF9072CB22BB04CD0052428E /* Frameworks */ = {
			isa = PBXFrameworksBuildPhase;
			buildActionMask = 2147483647;
			files = (
				FF32154123200EC60054DF2A /* Alamofire in Frameworks */,
				FF9B7CFA23175F0B0073E77E /* OAuthSwift in Frameworks */,
				FF39C03223171CF100203D7F /* KeychainAccess in Frameworks */,
				B527D2A724CD0940001731DB /* StoreKit.framework in Frameworks */,
				FF34717F22D63A780009CB40 /* SwiftyBeaver in Frameworks */,
				FFC22B6822F2389200121828 /* ServiceManagement.framework in Frameworks */,
				B533EC3224A03B53001A103D /* Sentry in Frameworks */,
				B5A5A8C4245210CF003B282D /* OAuthSwiftAlamofire in Frameworks */,
			);
			runOnlyForDeploymentPostprocessing = 0;
		};
		FF9072DE22BB04CE0052428E /* Frameworks */ = {
			isa = PBXFrameworksBuildPhase;
			buildActionMask = 2147483647;
			files = (
			);
			runOnlyForDeploymentPostprocessing = 0;
		};
		FFC22B5322F2378300121828 /* Frameworks */ = {
			isa = PBXFrameworksBuildPhase;
			buildActionMask = 2147483647;
			files = (
			);
			runOnlyForDeploymentPostprocessing = 0;
		};
/* End PBXFrameworksBuildPhase section */

/* Begin PBXGroup section */
		B527D2A824CD096F001731DB /* IAP */ = {
			isa = PBXGroup;
			children = (
				B527D2A924CD0995001731DB /* IAPManager.swift */,
				B527D2AB24CE662D001731DB /* IAPUtilities.swift */,
				B527D2B024D2498D001731DB /* StoreManager.swift */,
			);
			path = IAP;
			sourceTree = "<group>";
		};
		FF206B0122F35C4A000C0FB3 /* Controllers */ = {
			isa = PBXGroup;
			children = (
				FFDD944923057E2300891545 /* AboutWindowController.swift */,
				B5F269CF2485D42D000A5C53 /* HelpWindowController.swift */,
				FFD4C35E23CCF203007D1A27 /* PrefsWindowController.swift */,
				FF14AD8A22BDB8B800C7518C /* PhotoFrameController.swift */,
				FFD63773238B0513003A4071 /* PhotoScrollView.swift */,
				FF90731D22BBFF4D0052428E /* StatusMenuController.swift */,
			);
			path = Controllers;
			sourceTree = "<group>";
		};
		FF206B0222F35C5A000C0FB3 /* Utilities */ = {
			isa = PBXGroup;
			children = (
				FFAF7AF323CF667400763CC1 /* EnumCodable.swift */,
				FF9B7D0123181AF00073E77E /* Keychain.swift */,
				FFEBBE7F22EF5CC7009411B8 /* Settings.swift */,
				FFEBBE8322EF834F009411B8 /* TimePeriod.swift */,
				FF34718322DF82F70009CB40 /* Utilities.swift */,
			);
			path = Utilities;
			sourceTree = "<group>";
		};
		FF206B0322F35C64000C0FB3 /* Photo Providers */ = {
			isa = PBXGroup;
			children = (
				FF9B7D0A23185A040073E77E /* Google Photos */,
				FF90732122BC12E10052428E /* ApplePhotoProvider.swift */,
				FF90732522BD493B0052428E /* LocalFolderPhotoProvider.swift */,
				FFD3698222F385AA00EC7A85 /* PhotoProvider.swift */,
				FF90731F22BC12670052428E /* PhotoVendor.swift */,
			);
			path = "Photo Providers";
			sourceTree = "<group>";
		};
		FF206B0422F35CEE000C0FB3 /* XIB */ = {
			isa = PBXGroup;
			children = (
				FF9072D822BB04CE0052428E /* MainMenu.xib */,
				FF14AD8B22BDB8B800C7518C /* PhotoFrameController.xib */,
				FFE9162222E0F5C400687322 /* SettingsController.xib */,
				FFEEFCB62300F0750023F581 /* SourcesViewController.xib */,
			);
			path = XIB;
			sourceTree = "<group>";
		};
		FF206B0522F35D05000C0FB3 /* Other */ = {
			isa = PBXGroup;
			children = (
				FF9B7CFB2317603A0073E77E /* AppSecrets.example.swift */,
				FF9B7CFD231760AA0073E77E /* AppSecrets.swift */,
				B5641E4C24B110D300AC95E3 /* help1c.mp4 */,
				B5641E4B24B110D300AC95E3 /* help3c.mp4 */,
				FF9072DB22BB04CE0052428E /* Info.plist */,
				FF9072DC22BB04CE0052428E /* maya_macos.entitlements */,
				FF9072D322BB04CD0052428E /* maya_macos.xcdatamodeld */,
				B527D2AF24D0FFF6001731DB /* Maya.playground */,
			);
			path = Other;
			sourceTree = "<group>";
		};
		FF3E18FE23CA6D3F00E5002B /* Views */ = {
			isa = PBXGroup;
			children = (
				FF3E18FC23CA6D3200E5002B /* AboutView.swift */,
				B531AAF82481BBEF00F3C355 /* ActivateButton.swift */,
				B527D2B224D3A703001731DB /* UnlockButtons.swift */,
				B5F269D12485D454000A5C53 /* HelpView.swift */,
				FFD4C35C23CC11B2007D1A27 /* GeneralPrefsView.swift */,
				FFDED61F23CF784B00C678EB /* GeneralPrefsViewModel.swift */,
				B531AAF1247F346500F3C355 /* AppleSourceDetailView.swift */,
				B531AAF3247F347A00F3C355 /* AppleSourceViewModel.swift */,
				FFAAE72724211E6900DD3B3C /* GoogleSourceDetailView.swift */,
				FFAAE72924211E8100DD3B3C /* GoogleSourceViewModel.swift */,
				FFD4C35A23CC0E8A007D1A27 /* PreferencesView.swift */,
				FFDED62323CF9E4E00C678EB /* LocalFolderSourceDetailView.swift */,
				FFB1234323D246700068A9A6 /* LocalFolderSourceViewModel.swift */,
				FFDED62123CF9C1D00C678EB /* SourcesView.swift */,
				FFB1234523D3A6CD0068A9A6 /* PhotoFrameView.swift */,
				B5641E4924B1101D00AC95E3 /* VideoPlayerView.swift */,
				B524107A24E3730C00E6FDED /* GradientView.swift */,
			);
			path = Views;
			sourceTree = "<group>";
		};
		FF9072C522BB04CD0052428E = {
			isa = PBXGroup;
			children = (
				B531AAF524809B0400F3C355 /* .swiftlint.yml */,
				B5E6402024E0E0A500E34504 /* fastlane */,
				FF9072D022BB04CD0052428E /* maya-macos */,
				FF9072E422BB04CE0052428E /* maya-macosTests */,
				FFC22B5722F2378300121828 /* maya-macos-launcher */,
				FF9072CF22BB04CD0052428E /* Products */,
				FFC22B6622F2389200121828 /* Frameworks */,
			);
			sourceTree = "<group>";
		};
		FF9072CF22BB04CD0052428E /* Products */ = {
			isa = PBXGroup;
			children = (
				FF9072CE22BB04CD0052428E /* Maya.app */,
				FF9072E122BB04CE0052428E /* maya-macosTests.xctest */,
				FFC22B5622F2378300121828 /* Maya Launcher.app */,
			);
			name = Products;
			sourceTree = "<group>";
		};
		FF9072D022BB04CD0052428E /* maya-macos */ = {
			isa = PBXGroup;
			children = (
				FF9072D122BB04CD0052428E /* AppDelegate.swift */,
				FF3E18FE23CA6D3F00E5002B /* Views */,
				FF206B0122F35C4A000C0FB3 /* Controllers */,
				FF206B0322F35C64000C0FB3 /* Photo Providers */,
				B527D2A824CD096F001731DB /* IAP */,
				FF206B0222F35C5A000C0FB3 /* Utilities */,
				FF9072D622BB04CE0052428E /* Assets.xcassets */,
				FF206B0422F35CEE000C0FB3 /* XIB */,
				FF206B0522F35D05000C0FB3 /* Other */,
				FF9072F022BBD9230052428E /* Todo.txt */,
			);
			path = "maya-macos";
			sourceTree = "<group>";
		};
		FF9072E422BB04CE0052428E /* maya-macosTests */ = {
			isa = PBXGroup;
			children = (
				B5421E59247DE5C700F02345 /* ApplePhotoProviderTests.swift */,
				FF9B7D0323182D5F0073E77E /* GoogePhotoProviderTests.swift */,
				FF279CEF244CD77F004E47C3 /* LocalFolderProviderTests.swift */,
				FF90732322BC13840052428E /* PhotoProviderTests.swift */,
				B527D2AD24CFAA4D001731DB /* IAPTests.swift */,
				FF9B7D0D231874880073E77E /* TestPlan.xctestplan */,
				FF9072E722BB04CE0052428E /* Info.plist */,
			);
			path = "maya-macosTests";
			sourceTree = "<group>";
		};
		FF9B7D0A23185A040073E77E /* Google Photos */ = {
			isa = PBXGroup;
			children = (
				FF9B7D0E2318BE700073E77E /* GooglePhotoAsset.swift */,
				FF39C02C2316F66E00203D7F /* GooglePhotoProvider.swift */,
				FF9B7D08231859F90073E77E /* GooglePhotosAPI.swift */,
			);
			path = "Google Photos";
			sourceTree = "<group>";
		};
		FFC22B5722F2378300121828 /* maya-macos-launcher */ = {
			isa = PBXGroup;
			children = (
				FFC22B5822F2378300121828 /* AppDelegate.swift */,
				FFC22B5A22F2378400121828 /* Assets.xcassets */,
				FFC22B6922F2427A00121828 /* MainMenu.xib */,
				FFC22B5F22F2378400121828 /* Info.plist */,
				FFC22B6022F2378400121828 /* maya_macos_launcher.entitlements */,
			);
			path = "maya-macos-launcher";
			sourceTree = "<group>";
		};
		FFC22B6622F2389200121828 /* Frameworks */ = {
			isa = PBXGroup;
			children = (
				B527D2A624CD0940001731DB /* StoreKit.framework */,
				FFC22B6722F2389200121828 /* ServiceManagement.framework */,
			);
			name = Frameworks;
			sourceTree = "<group>";
		};
/* End PBXGroup section */

/* Begin PBXNativeTarget section */
		FF9072CD22BB04CD0052428E /* maya-macos */ = {
			isa = PBXNativeTarget;
			buildConfigurationList = FF9072EA22BB04CF0052428E /* Build configuration list for PBXNativeTarget "maya-macos" */;
			buildPhases = (
				FF9072CA22BB04CD0052428E /* Sources */,
				B531AAF724809B3D00F3C355 /* ShellScript */,
				FF9072CB22BB04CD0052428E /* Frameworks */,
				FF9072CC22BB04CD0052428E /* Resources */,
				FFC22B6422F2382100121828 /* CopyFiles */,
			);
			buildRules = (
			);
			dependencies = (
			);
			name = "maya-macos";
			packageProductDependencies = (
				FF34717E22D63A780009CB40 /* SwiftyBeaver */,
				FF39C03123171CF100203D7F /* KeychainAccess */,
				FF9B7CF923175F0B0073E77E /* OAuthSwift */,
				FF32154023200EC60054DF2A /* Alamofire */,
				B5A5A8C3245210CF003B282D /* OAuthSwiftAlamofire */,
				B533EC3124A03B53001A103D /* Sentry */,
			);
			productName = "maya-macos";
			productReference = FF9072CE22BB04CD0052428E /* Maya.app */;
			productType = "com.apple.product-type.application";
		};
		FF9072E022BB04CE0052428E /* maya-macosTests */ = {
			isa = PBXNativeTarget;
			buildConfigurationList = FF9072ED22BB04CF0052428E /* Build configuration list for PBXNativeTarget "maya-macosTests" */;
			buildPhases = (
				FF9072DD22BB04CE0052428E /* Sources */,
				FF9072DE22BB04CE0052428E /* Frameworks */,
				FF9072DF22BB04CE0052428E /* Resources */,
			);
			buildRules = (
			);
			dependencies = (
				FF9072E322BB04CE0052428E /* PBXTargetDependency */,
			);
			name = "maya-macosTests";
			productName = "maya-macosTests";
			productReference = FF9072E122BB04CE0052428E /* maya-macosTests.xctest */;
			productType = "com.apple.product-type.bundle.unit-test";
		};
		FFC22B5522F2378300121828 /* maya-macos-launcher */ = {
			isa = PBXNativeTarget;
			buildConfigurationList = FFC22B6322F2378400121828 /* Build configuration list for PBXNativeTarget "maya-macos-launcher" */;
			buildPhases = (
				FFC22B5222F2378300121828 /* Sources */,
				FFC22B5322F2378300121828 /* Frameworks */,
				FFC22B5422F2378300121828 /* Resources */,
			);
			buildRules = (
			);
			dependencies = (
			);
			name = "maya-macos-launcher";
			productName = "maya-macos-launcher";
			productReference = FFC22B5622F2378300121828 /* Maya Launcher.app */;
			productType = "com.apple.product-type.application";
		};
/* End PBXNativeTarget section */

/* Begin PBXProject section */
		FF9072C622BB04CD0052428E /* Project object */ = {
			isa = PBXProject;
			attributes = {
				LastSwiftUpdateCheck = 1100;
				LastUpgradeCheck = 1140;
				ORGANIZATIONNAME = KK;
				TargetAttributes = {
					FF9072CD22BB04CD0052428E = {
						CreatedOnToolsVersion = 11.0;
					};
					FF9072E022BB04CE0052428E = {
						CreatedOnToolsVersion = 11.0;
						TestTargetID = FF9072CD22BB04CD0052428E;
					};
					FFC22B5522F2378300121828 = {
						CreatedOnToolsVersion = 11.0;
					};
				};
			};
			buildConfigurationList = FF9072C922BB04CD0052428E /* Build configuration list for PBXProject "maya-macos" */;
			compatibilityVersion = "Xcode 9.3";
			developmentRegion = en;
			hasScannedForEncodings = 0;
			knownRegions = (
				en,
				Base,
			);
			mainGroup = FF9072C522BB04CD0052428E;
			packageReferences = (
				FF34717D22D63A780009CB40 /* XCRemoteSwiftPackageReference "SwiftyBeaver" */,
				FF39C03023171CF100203D7F /* XCRemoteSwiftPackageReference "KeychainAccess" */,
				FF9B7CF823175F0B0073E77E /* XCRemoteSwiftPackageReference "OAuthSwift" */,
				FF32153F23200EC60054DF2A /* XCRemoteSwiftPackageReference "Alamofire" */,
				B5A5A8C2245210CE003B282D /* XCRemoteSwiftPackageReference "OAuthSwiftAlamofire" */,
				B533EC3024A03B53001A103D /* XCRemoteSwiftPackageReference "sentry-cocoa" */,
			);
			productRefGroup = FF9072CF22BB04CD0052428E /* Products */;
			projectDirPath = "";
			projectRoot = "";
			targets = (
				FF9072CD22BB04CD0052428E /* maya-macos */,
				FF9072E022BB04CE0052428E /* maya-macosTests */,
				FFC22B5522F2378300121828 /* maya-macos-launcher */,
			);
		};
/* End PBXProject section */

/* Begin PBXResourcesBuildPhase section */
		FF9072CC22BB04CD0052428E /* Resources */ = {
			isa = PBXResourcesBuildPhase;
			buildActionMask = 2147483647;
			files = (
				B5641E4E24B110D300AC95E3 /* help1c.mp4 in Resources */,
				B5641E4D24B110D300AC95E3 /* help3c.mp4 in Resources */,
				FF9072D722BB04CE0052428E /* Assets.xcassets in Resources */,
				FFEEFCB82300F0750023F581 /* SourcesViewController.xib in Resources */,
				B5E6402124E0E0A500E34504 /* fastlane in Resources */,
				FF14AD8D22BDB8B800C7518C /* PhotoFrameController.xib in Resources */,
				B531AAF624809B0400F3C355 /* .swiftlint.yml in Resources */,
				FF9072DA22BB04CE0052428E /* MainMenu.xib in Resources */,
				FFE9162422E0F5C400687322 /* SettingsController.xib in Resources */,
				FF9072F122BBD9230052428E /* Todo.txt in Resources */,
			);
			runOnlyForDeploymentPostprocessing = 0;
		};
		FF9072DF22BB04CE0052428E /* Resources */ = {
			isa = PBXResourcesBuildPhase;
			buildActionMask = 2147483647;
			files = (
			);
			runOnlyForDeploymentPostprocessing = 0;
		};
		FFC22B5422F2378300121828 /* Resources */ = {
			isa = PBXResourcesBuildPhase;
			buildActionMask = 2147483647;
			files = (
				FFC22B5B22F2378400121828 /* Assets.xcassets in Resources */,
				FFC22B6B22F2427A00121828 /* MainMenu.xib in Resources */,
			);
			runOnlyForDeploymentPostprocessing = 0;
		};
/* End PBXResourcesBuildPhase section */

/* Begin PBXShellScriptBuildPhase section */
		B531AAF724809B3D00F3C355 /* ShellScript */ = {
			isa = PBXShellScriptBuildPhase;
			buildActionMask = 2147483647;
			files = (
			);
			inputFileListPaths = (
			);
			inputPaths = (
			);
			outputFileListPaths = (
			);
			outputPaths = (
			);
			runOnlyForDeploymentPostprocessing = 0;
			shellPath = /bin/sh;
			shellScript = "if which swiftlint >/dev/null; then\n  swiftlint\nelse\n  echo \"warning: SwiftLint not installed, download from https://github.com/realm/SwiftLint\"\nfi\n";
		};
/* End PBXShellScriptBuildPhase section */

/* Begin PBXSourcesBuildPhase section */
		FF9072CA22BB04CD0052428E /* Sources */ = {
			isa = PBXSourcesBuildPhase;
			buildActionMask = 2147483647;
			files = (
				FFAF7AF423CF667400763CC1 /* EnumCodable.swift in Sources */,
				FFDED62423CF9E4E00C678EB /* LocalFolderSourceDetailView.swift in Sources */,
				FFEBBE8422EF834F009411B8 /* TimePeriod.swift in Sources */,
				B524107B24E3730C00E6FDED /* GradientView.swift in Sources */,
				B527D2AC24CE662D001731DB /* IAPUtilities.swift in Sources */,
				FF14AD8C22BDB8B800C7518C /* PhotoFrameController.swift in Sources */,
				FFD3698322F385AA00EC7A85 /* PhotoProvider.swift in Sources */,
				FF90731E22BBFF4D0052428E /* StatusMenuController.swift in Sources */,
				FF39C02D2316F66E00203D7F /* GooglePhotoProvider.swift in Sources */,
				FFDED62223CF9C1D00C678EB /* SourcesView.swift in Sources */,
				B5641E4A24B1101D00AC95E3 /* VideoPlayerView.swift in Sources */,
				B5F269D02485D42D000A5C53 /* HelpWindowController.swift in Sources */,
				FFD4C35D23CC11B2007D1A27 /* GeneralPrefsView.swift in Sources */,
				FF9B7D09231859F90073E77E /* GooglePhotosAPI.swift in Sources */,
				FF9B7D0F2318BE700073E77E /* GooglePhotoAsset.swift in Sources */,
				B5F269D22485D454000A5C53 /* HelpView.swift in Sources */,
				B527D2AA24CD0995001731DB /* IAPManager.swift in Sources */,
				FF90732222BC12E10052428E /* ApplePhotoProvider.swift in Sources */,
				B527D2B324D3A703001731DB /* UnlockButtons.swift in Sources */,
				FFAAE72824211E6900DD3B3C /* GoogleSourceDetailView.swift in Sources */,
				B531AAF92481BBEF00F3C355 /* ActivateButton.swift in Sources */,
				FF9B7D0223181AF00073E77E /* Keychain.swift in Sources */,
				FFEBBE8022EF5CC7009411B8 /* Settings.swift in Sources */,
				FFB1234423D246700068A9A6 /* LocalFolderSourceViewModel.swift in Sources */,
				FF9072D222BB04CD0052428E /* AppDelegate.swift in Sources */,
				FF90732622BD493B0052428E /* LocalFolderPhotoProvider.swift in Sources */,
				FF9072D522BB04CD0052428E /* maya_macos.xcdatamodeld in Sources */,
				FF3E18FD23CA6D3200E5002B /* AboutView.swift in Sources */,
				B531AAF4247F347A00F3C355 /* AppleSourceViewModel.swift in Sources */,
				FF34718422DF82F70009CB40 /* Utilities.swift in Sources */,
				FFDED62023CF784B00C678EB /* GeneralPrefsViewModel.swift in Sources */,
				FFD63774238B0513003A4071 /* PhotoScrollView.swift in Sources */,
				FFB1234623D3A6CD0068A9A6 /* PhotoFrameView.swift in Sources */,
				FFD4C35B23CC0E8A007D1A27 /* PreferencesView.swift in Sources */,
				FF90732022BC12670052428E /* PhotoVendor.swift in Sources */,
				B527D2B124D2498D001731DB /* StoreManager.swift in Sources */,
				FF9B7CFE231760AA0073E77E /* AppSecrets.swift in Sources */,
				FFAAE72A24211E8100DD3B3C /* GoogleSourceViewModel.swift in Sources */,
				FFDD944B23057E2300891545 /* AboutWindowController.swift in Sources */,
				FFD4C35F23CCF203007D1A27 /* PrefsWindowController.swift in Sources */,
				B531AAF2247F346500F3C355 /* AppleSourceDetailView.swift in Sources */,
			);
			runOnlyForDeploymentPostprocessing = 0;
		};
		FF9072DD22BB04CE0052428E /* Sources */ = {
			isa = PBXSourcesBuildPhase;
			buildActionMask = 2147483647;
			files = (
				FF279CF0244CD77F004E47C3 /* LocalFolderProviderTests.swift in Sources */,
				FF90732422BC13840052428E /* PhotoProviderTests.swift in Sources */,
				B527D2AE24CFAA4D001731DB /* IAPTests.swift in Sources */,
				B5421E5A247DE5C700F02345 /* ApplePhotoProviderTests.swift in Sources */,
				FF9B7D0423182D5F0073E77E /* GoogePhotoProviderTests.swift in Sources */,
			);
			runOnlyForDeploymentPostprocessing = 0;
		};
		FFC22B5222F2378300121828 /* Sources */ = {
			isa = PBXSourcesBuildPhase;
			buildActionMask = 2147483647;
			files = (
				FFC22B5922F2378300121828 /* AppDelegate.swift in Sources */,
			);
			runOnlyForDeploymentPostprocessing = 0;
		};
/* End PBXSourcesBuildPhase section */

/* Begin PBXTargetDependency section */
		FF9072E322BB04CE0052428E /* PBXTargetDependency */ = {
			isa = PBXTargetDependency;
			target = FF9072CD22BB04CD0052428E /* maya-macos */;
			targetProxy = FF9072E222BB04CE0052428E /* PBXContainerItemProxy */;
		};
/* End PBXTargetDependency section */

/* Begin PBXVariantGroup section */
		FF9072D822BB04CE0052428E /* MainMenu.xib */ = {
			isa = PBXVariantGroup;
			children = (
				FF9072D922BB04CE0052428E /* Base */,
			);
			name = MainMenu.xib;
			sourceTree = "<group>";
		};
		FFC22B6922F2427A00121828 /* MainMenu.xib */ = {
			isa = PBXVariantGroup;
			children = (
				FFC22B6A22F2427A00121828 /* Base */,
			);
			name = MainMenu.xib;
			sourceTree = "<group>";
		};
/* End PBXVariantGroup section */

/* Begin XCBuildConfiguration section */
		FF9072E822BB04CF0052428E /* Debug */ = {
			isa = XCBuildConfiguration;
			buildSettings = {
				ALWAYS_SEARCH_USER_PATHS = NO;
				CLANG_ANALYZER_NONNULL = YES;
				CLANG_ANALYZER_NUMBER_OBJECT_CONVERSION = YES_AGGRESSIVE;
				CLANG_CXX_LANGUAGE_STANDARD = "gnu++14";
				CLANG_CXX_LIBRARY = "libc++";
				CLANG_ENABLE_MODULES = YES;
				CLANG_ENABLE_OBJC_ARC = YES;
				CLANG_ENABLE_OBJC_WEAK = YES;
				CLANG_WARN_BLOCK_CAPTURE_AUTORELEASING = YES;
				CLANG_WARN_BOOL_CONVERSION = YES;
				CLANG_WARN_COMMA = YES;
				CLANG_WARN_CONSTANT_CONVERSION = YES;
				CLANG_WARN_DEPRECATED_OBJC_IMPLEMENTATIONS = YES;
				CLANG_WARN_DIRECT_OBJC_ISA_USAGE = YES_ERROR;
				CLANG_WARN_DOCUMENTATION_COMMENTS = YES;
				CLANG_WARN_EMPTY_BODY = YES;
				CLANG_WARN_ENUM_CONVERSION = YES;
				CLANG_WARN_INFINITE_RECURSION = YES;
				CLANG_WARN_INT_CONVERSION = YES;
				CLANG_WARN_NON_LITERAL_NULL_CONVERSION = YES;
				CLANG_WARN_OBJC_IMPLICIT_RETAIN_SELF = YES;
				CLANG_WARN_OBJC_LITERAL_CONVERSION = YES;
				CLANG_WARN_OBJC_ROOT_CLASS = YES_ERROR;
				CLANG_WARN_RANGE_LOOP_ANALYSIS = YES;
				CLANG_WARN_STRICT_PROTOTYPES = YES;
				CLANG_WARN_SUSPICIOUS_MOVE = YES;
				CLANG_WARN_UNGUARDED_AVAILABILITY = YES_AGGRESSIVE;
				CLANG_WARN_UNREACHABLE_CODE = YES;
				CLANG_WARN__DUPLICATE_METHOD_MATCH = YES;
				COPY_PHASE_STRIP = NO;
				DEBUG_INFORMATION_FORMAT = dwarf;
				ENABLE_STRICT_OBJC_MSGSEND = YES;
				ENABLE_TESTABILITY = YES;
				GCC_C_LANGUAGE_STANDARD = gnu11;
				GCC_DYNAMIC_NO_PIC = NO;
				GCC_NO_COMMON_BLOCKS = YES;
				GCC_OPTIMIZATION_LEVEL = 0;
				GCC_PREPROCESSOR_DEFINITIONS = (
					"DEBUG=1",
					"$(inherited)",
				);
				GCC_WARN_64_TO_32_BIT_CONVERSION = YES;
				GCC_WARN_ABOUT_RETURN_TYPE = YES_ERROR;
				GCC_WARN_UNDECLARED_SELECTOR = YES;
				GCC_WARN_UNINITIALIZED_AUTOS = YES_AGGRESSIVE;
				GCC_WARN_UNUSED_FUNCTION = YES;
				GCC_WARN_UNUSED_VARIABLE = YES;
				MACOSX_DEPLOYMENT_TARGET = 10.15;
				MTL_ENABLE_DEBUG_INFO = INCLUDE_SOURCE;
				MTL_FAST_MATH = YES;
				ONLY_ACTIVE_ARCH = YES;
				PRODUCT_NAME = "";
				SDKROOT = macosx;
				SWIFT_ACTIVE_COMPILATION_CONDITIONS = DEBUG;
				SWIFT_OPTIMIZATION_LEVEL = "-Onone";
				SWIFT_VERSION = "";
			};
			name = Debug;
		};
		FF9072E922BB04CF0052428E /* Release */ = {
			isa = XCBuildConfiguration;
			buildSettings = {
				ALWAYS_SEARCH_USER_PATHS = NO;
				CLANG_ANALYZER_NONNULL = YES;
				CLANG_ANALYZER_NUMBER_OBJECT_CONVERSION = YES_AGGRESSIVE;
				CLANG_CXX_LANGUAGE_STANDARD = "gnu++14";
				CLANG_CXX_LIBRARY = "libc++";
				CLANG_ENABLE_MODULES = YES;
				CLANG_ENABLE_OBJC_ARC = YES;
				CLANG_ENABLE_OBJC_WEAK = YES;
				CLANG_WARN_BLOCK_CAPTURE_AUTORELEASING = YES;
				CLANG_WARN_BOOL_CONVERSION = YES;
				CLANG_WARN_COMMA = YES;
				CLANG_WARN_CONSTANT_CONVERSION = YES;
				CLANG_WARN_DEPRECATED_OBJC_IMPLEMENTATIONS = YES;
				CLANG_WARN_DIRECT_OBJC_ISA_USAGE = YES_ERROR;
				CLANG_WARN_DOCUMENTATION_COMMENTS = YES;
				CLANG_WARN_EMPTY_BODY = YES;
				CLANG_WARN_ENUM_CONVERSION = YES;
				CLANG_WARN_INFINITE_RECURSION = YES;
				CLANG_WARN_INT_CONVERSION = YES;
				CLANG_WARN_NON_LITERAL_NULL_CONVERSION = YES;
				CLANG_WARN_OBJC_IMPLICIT_RETAIN_SELF = YES;
				CLANG_WARN_OBJC_LITERAL_CONVERSION = YES;
				CLANG_WARN_OBJC_ROOT_CLASS = YES_ERROR;
				CLANG_WARN_RANGE_LOOP_ANALYSIS = YES;
				CLANG_WARN_STRICT_PROTOTYPES = YES;
				CLANG_WARN_SUSPICIOUS_MOVE = YES;
				CLANG_WARN_UNGUARDED_AVAILABILITY = YES_AGGRESSIVE;
				CLANG_WARN_UNREACHABLE_CODE = YES;
				CLANG_WARN__DUPLICATE_METHOD_MATCH = YES;
				COPY_PHASE_STRIP = NO;
				DEBUG_INFORMATION_FORMAT = "dwarf-with-dsym";
				ENABLE_NS_ASSERTIONS = NO;
				ENABLE_STRICT_OBJC_MSGSEND = YES;
				GCC_C_LANGUAGE_STANDARD = gnu11;
				GCC_NO_COMMON_BLOCKS = YES;
				GCC_WARN_64_TO_32_BIT_CONVERSION = YES;
				GCC_WARN_ABOUT_RETURN_TYPE = YES_ERROR;
				GCC_WARN_UNDECLARED_SELECTOR = YES;
				GCC_WARN_UNINITIALIZED_AUTOS = YES_AGGRESSIVE;
				GCC_WARN_UNUSED_FUNCTION = YES;
				GCC_WARN_UNUSED_VARIABLE = YES;
				MACOSX_DEPLOYMENT_TARGET = 10.15;
				MTL_ENABLE_DEBUG_INFO = NO;
				MTL_FAST_MATH = YES;
				PRODUCT_NAME = "";
				SDKROOT = macosx;
				SWIFT_COMPILATION_MODE = wholemodule;
				SWIFT_OPTIMIZATION_LEVEL = "-O";
				SWIFT_VERSION = "";
			};
			name = Release;
		};
		FF9072EB22BB04CF0052428E /* Debug */ = {
			isa = XCBuildConfiguration;
			buildSettings = {
				ASSETCATALOG_COMPILER_APPICON_NAME = AppIcon;
				CODE_SIGN_ENTITLEMENTS = "maya-macos/Other/maya_macos.entitlements";
				CODE_SIGN_IDENTITY = "Apple Development";
				CODE_SIGN_STYLE = Automatic;
				COMBINE_HIDPI_IMAGES = YES;
				CURRENT_PROJECT_VERSION = 2;
				DEVELOPMENT_TEAM = LG2FJE6R72;
				ENABLE_HARDENED_RUNTIME = YES;
				INFOPLIST_FILE = "maya-macos/Other/Info.plist";
				LD_RUNPATH_SEARCH_PATHS = (
					"$(inherited)",
					"@executable_path/../Frameworks",
				);
				MARKETING_VERSION = 1.0.0;
				PRODUCT_BUNDLE_IDENTIFIER = "com.kk.maya-macos";
				PRODUCT_NAME = Maya;
				PROVISIONING_PROFILE_SPECIFIER = "";
				SWIFT_VERSION = 5.0;
			};
			name = Debug;
		};
		FF9072EC22BB04CF0052428E /* Release */ = {
			isa = XCBuildConfiguration;
			buildSettings = {
				ASSETCATALOG_COMPILER_APPICON_NAME = AppIcon;
				CODE_SIGN_ENTITLEMENTS = "maya-macos/Other/maya_macos.entitlements";
				CODE_SIGN_IDENTITY = "Apple Development";
				CODE_SIGN_STYLE = Automatic;
				COMBINE_HIDPI_IMAGES = YES;
				CURRENT_PROJECT_VERSION = 2;
				DEVELOPMENT_TEAM = LG2FJE6R72;
				ENABLE_HARDENED_RUNTIME = YES;
				INFOPLIST_FILE = "maya-macos/Other/Info.plist";
				LD_RUNPATH_SEARCH_PATHS = (
					"$(inherited)",
					"@executable_path/../Frameworks",
				);
				MARKETING_VERSION = 1.0.0;
				PRODUCT_BUNDLE_IDENTIFIER = "com.kk.maya-macos";
				PRODUCT_NAME = Maya;
				PROVISIONING_PROFILE_SPECIFIER = "";
				SWIFT_VERSION = 5.0;
			};
			name = Release;
		};
		FF9072EE22BB04CF0052428E /* Debug */ = {
			isa = XCBuildConfiguration;
			buildSettings = {
				ALWAYS_EMBED_SWIFT_STANDARD_LIBRARIES = YES;
				BUNDLE_LOADER = "$(TEST_HOST)";
				CODE_SIGN_IDENTITY = "Apple Development";
				CODE_SIGN_STYLE = Automatic;
				COMBINE_HIDPI_IMAGES = YES;
				DEVELOPMENT_TEAM = LG2FJE6R72;
				INFOPLIST_FILE = "maya-macosTests/Info.plist";
				LD_RUNPATH_SEARCH_PATHS = (
					"$(inherited)",
					"@executable_path/../Frameworks",
					"@loader_path/../Frameworks",
				);
				PRODUCT_BUNDLE_IDENTIFIER = "com.kk.maya.maya-macosTests";
				PRODUCT_NAME = "$(TARGET_NAME)";
				PROVISIONING_PROFILE_SPECIFIER = "";
				SWIFT_VERSION = 5.0;
				TEST_HOST = "$(BUILT_PRODUCTS_DIR)/Maya.app/Contents/MacOS/Maya";
			};
			name = Debug;
		};
		FF9072EF22BB04CF0052428E /* Release */ = {
			isa = XCBuildConfiguration;
			buildSettings = {
				ALWAYS_EMBED_SWIFT_STANDARD_LIBRARIES = YES;
				BUNDLE_LOADER = "$(TEST_HOST)";
				CODE_SIGN_IDENTITY = "Apple Development";
				CODE_SIGN_STYLE = Automatic;
				COMBINE_HIDPI_IMAGES = YES;
				DEVELOPMENT_TEAM = LG2FJE6R72;
				INFOPLIST_FILE = "maya-macosTests/Info.plist";
				LD_RUNPATH_SEARCH_PATHS = (
					"$(inherited)",
					"@executable_path/../Frameworks",
					"@loader_path/../Frameworks",
				);
				PRODUCT_BUNDLE_IDENTIFIER = "com.kk.maya.maya-macosTests";
				PRODUCT_NAME = "$(TARGET_NAME)";
				PROVISIONING_PROFILE_SPECIFIER = "";
				SWIFT_VERSION = 5.0;
				TEST_HOST = "$(BUILT_PRODUCTS_DIR)/Maya.app/Contents/MacOS/Maya";
			};
			name = Release;
		};
		FFC22B6122F2378400121828 /* Debug */ = {
			isa = XCBuildConfiguration;
			buildSettings = {
				ASSETCATALOG_COMPILER_APPICON_NAME = AppIcon;
				CODE_SIGN_ENTITLEMENTS = "maya-macos-launcher/maya_macos_launcher.entitlements";
				CODE_SIGN_IDENTITY = "Apple Development";
				CODE_SIGN_STYLE = Automatic;
				COMBINE_HIDPI_IMAGES = YES;
				DEVELOPMENT_TEAM = LG2FJE6R72;
				ENABLE_HARDENED_RUNTIME = YES;
				INFOPLIST_FILE = "maya-macos-launcher/Info.plist";
				LD_RUNPATH_SEARCH_PATHS = (
					"$(inherited)",
					"@executable_path/../Frameworks",
				);
				PRODUCT_BUNDLE_IDENTIFIER = "com.kk.maya-macos-launcher";
				PRODUCT_NAME = "Maya Launcher";
				PROVISIONING_PROFILE_SPECIFIER = "";
				SKIP_INSTALL = YES;
				SWIFT_VERSION = 5.0;
			};
			name = Debug;
		};
		FFC22B6222F2378400121828 /* Release */ = {
			isa = XCBuildConfiguration;
			buildSettings = {
				ASSETCATALOG_COMPILER_APPICON_NAME = AppIcon;
				CODE_SIGN_ENTITLEMENTS = "maya-macos-launcher/maya_macos_launcher.entitlements";
				CODE_SIGN_IDENTITY = "Apple Development";
				CODE_SIGN_STYLE = Automatic;
				COMBINE_HIDPI_IMAGES = YES;
				DEVELOPMENT_TEAM = LG2FJE6R72;
				ENABLE_HARDENED_RUNTIME = YES;
				INFOPLIST_FILE = "maya-macos-launcher/Info.plist";
				LD_RUNPATH_SEARCH_PATHS = (
					"$(inherited)",
					"@executable_path/../Frameworks",
				);
				PRODUCT_BUNDLE_IDENTIFIER = "com.kk.maya-macos-launcher";
				PRODUCT_NAME = "Maya Launcher";
				PROVISIONING_PROFILE_SPECIFIER = "";
				SKIP_INSTALL = YES;
				SWIFT_VERSION = 5.0;
			};
			name = Release;
		};
/* End XCBuildConfiguration section */

/* Begin XCConfigurationList section */
		FF9072C922BB04CD0052428E /* Build configuration list for PBXProject "maya-macos" */ = {
			isa = XCConfigurationList;
			buildConfigurations = (
				FF9072E822BB04CF0052428E /* Debug */,
				FF9072E922BB04CF0052428E /* Release */,
			);
			defaultConfigurationIsVisible = 0;
			defaultConfigurationName = Release;
		};
		FF9072EA22BB04CF0052428E /* Build configuration list for PBXNativeTarget "maya-macos" */ = {
			isa = XCConfigurationList;
			buildConfigurations = (
				FF9072EB22BB04CF0052428E /* Debug */,
				FF9072EC22BB04CF0052428E /* Release */,
			);
			defaultConfigurationIsVisible = 0;
			defaultConfigurationName = Release;
		};
		FF9072ED22BB04CF0052428E /* Build configuration list for PBXNativeTarget "maya-macosTests" */ = {
			isa = XCConfigurationList;
			buildConfigurations = (
				FF9072EE22BB04CF0052428E /* Debug */,
				FF9072EF22BB04CF0052428E /* Release */,
			);
			defaultConfigurationIsVisible = 0;
			defaultConfigurationName = Release;
		};
		FFC22B6322F2378400121828 /* Build configuration list for PBXNativeTarget "maya-macos-launcher" */ = {
			isa = XCConfigurationList;
			buildConfigurations = (
				FFC22B6122F2378400121828 /* Debug */,
				FFC22B6222F2378400121828 /* Release */,
			);
			defaultConfigurationIsVisible = 0;
			defaultConfigurationName = Release;
		};
/* End XCConfigurationList section */

/* Begin XCRemoteSwiftPackageReference section */
		B533EC3024A03B53001A103D /* XCRemoteSwiftPackageReference "sentry-cocoa" */ = {
			isa = XCRemoteSwiftPackageReference;
			repositoryURL = "https://github.com/getsentry/sentry-cocoa.git";
			requirement = {
				kind = upToNextMajorVersion;
				minimumVersion = 5.1.4;
			};
		};
		B5A5A8C2245210CE003B282D /* XCRemoteSwiftPackageReference "OAuthSwiftAlamofire" */ = {
			isa = XCRemoteSwiftPackageReference;
			repositoryURL = "https://github.com/OAuthSwift/OAuthSwiftAlamofire";
			requirement = {
				branch = master;
				kind = branch;
			};
		};
		FF32153F23200EC60054DF2A /* XCRemoteSwiftPackageReference "Alamofire" */ = {
			isa = XCRemoteSwiftPackageReference;
			repositoryURL = "https://github.com/Alamofire/Alamofire";
			requirement = {
				kind = upToNextMajorVersion;
				minimumVersion = 5.0.0;
			};
		};
		FF34717D22D63A780009CB40 /* XCRemoteSwiftPackageReference "SwiftyBeaver" */ = {
			isa = XCRemoteSwiftPackageReference;
			repositoryURL = "https://github.com/SwiftyBeaver/SwiftyBeaver";
			requirement = {
				kind = upToNextMajorVersion;
				minimumVersion = 1.7.0;
			};
		};
		FF39C03023171CF100203D7F /* XCRemoteSwiftPackageReference "KeychainAccess" */ = {
			isa = XCRemoteSwiftPackageReference;
			repositoryURL = "https://github.com/kishikawakatsumi/KeychainAccess";
			requirement = {
				kind = upToNextMajorVersion;
				minimumVersion = 3.2.0;
			};
		};
		FF9B7CF823175F0B0073E77E /* XCRemoteSwiftPackageReference "OAuthSwift" */ = {
			isa = XCRemoteSwiftPackageReference;
			repositoryURL = "https://github.com/OAuthSwift/OAuthSwift";
			requirement = {
				kind = upToNextMajorVersion;
				minimumVersion = 2.1.0;
			};
		};
/* End XCRemoteSwiftPackageReference section */

/* Begin XCSwiftPackageProductDependency section */
		B533EC3124A03B53001A103D /* Sentry */ = {
			isa = XCSwiftPackageProductDependency;
			package = B533EC3024A03B53001A103D /* XCRemoteSwiftPackageReference "sentry-cocoa" */;
			productName = Sentry;
		};
		B5A5A8C3245210CF003B282D /* OAuthSwiftAlamofire */ = {
			isa = XCSwiftPackageProductDependency;
			package = B5A5A8C2245210CE003B282D /* XCRemoteSwiftPackageReference "OAuthSwiftAlamofire" */;
			productName = OAuthSwiftAlamofire;
		};
		FF32154023200EC60054DF2A /* Alamofire */ = {
			isa = XCSwiftPackageProductDependency;
			package = FF32153F23200EC60054DF2A /* XCRemoteSwiftPackageReference "Alamofire" */;
			productName = Alamofire;
		};
		FF34717E22D63A780009CB40 /* SwiftyBeaver */ = {
			isa = XCSwiftPackageProductDependency;
			package = FF34717D22D63A780009CB40 /* XCRemoteSwiftPackageReference "SwiftyBeaver" */;
			productName = SwiftyBeaver;
		};
		FF39C03123171CF100203D7F /* KeychainAccess */ = {
			isa = XCSwiftPackageProductDependency;
			package = FF39C03023171CF100203D7F /* XCRemoteSwiftPackageReference "KeychainAccess" */;
			productName = KeychainAccess;
		};
		FF9B7CF923175F0B0073E77E /* OAuthSwift */ = {
			isa = XCSwiftPackageProductDependency;
			package = FF9B7CF823175F0B0073E77E /* XCRemoteSwiftPackageReference "OAuthSwift" */;
			productName = OAuthSwift;
		};
/* End XCSwiftPackageProductDependency section */

/* Begin XCVersionGroup section */
		FF9072D322BB04CD0052428E /* maya_macos.xcdatamodeld */ = {
			isa = XCVersionGroup;
			children = (
				FF9072D422BB04CD0052428E /* maya_macos.xcdatamodel */,
			);
			currentVersion = FF9072D422BB04CD0052428E /* maya_macos.xcdatamodel */;
			path = maya_macos.xcdatamodeld;
			sourceTree = "<group>";
			versionGroupType = wrapper.xcdatamodel;
		};
/* End XCVersionGroup section */
	};
	rootObject = FF9072C622BB04CD0052428E /* Project object */;
}
