{
  "object": {
    "pins": [
      {
        "package": "SwiftyBeaver",
        "repositoryURL": "https://github.com/SwiftyBeaver/SwiftyBeaver",
        "state": {
          "branch": null,
          "revision": "ad66cc41c5d8acbd63d9dcdc9d3609f152e08ed1",
          "version": "1.7.0"
        }
      }
    ]
  },
  "version": 1
}
